dependencies:
- name: postgresql
  repository: https://charts.bitnami.com/bitnami
  version: 15.5.38
- name: redis
  repository: https://charts.bitnami.com/bitnami
  version: 20.13.4
digest: sha256:cd9ca6df1a2ba9d29ded2803638a578eb9ac8f632c67c4167a868fe0a49ed19c
generated: "2026-05-17T15:23:12.162350018Z"
